
Microsoft Visual Studio Solution File, Format Version 12.00
# Visual Studio Version 16
VisualStudioVersion = 16.0.30320.27
MinimumVisualStudioVersion = 10.0.40219.1
Project("{FAE04EC0-301F-11D3-BF4B-00C04F79EFBC}") = "Server", "Server\Server.csproj", "{FB7E4C9E-5470-41D8-9CD2-C0CE71B5A54B}"
EndProject
Global
	GlobalSection(SolutionConfigurationPlatforms) = preSolution
		Debug|Any CPU = Debug|Any CPU
		Release|Any CPU = Release|Any CPU
	EndGlobalSection
	GlobalSection(ProjectConfigurationPlatforms) = postSolution
		{FB7E4C9E-5470-41D8-9CD2-C0CE71B5A54B}.Debug|Any CPU.ActiveCfg = Debug|Any CPU
		{FB7E4C9E-5470-41D8-9CD2-C0CE71B5A54B}.Debug|Any CPU.Build.0 = Debug|Any CPU
		{FB7E4C9E-5470-41D8-9CD2-C0CE71B5A54B}.Release|Any CPU.ActiveCfg = Release|Any CPU
		{FB7E4C9E-5470-41D8-9CD2-C0CE71B5A54B}.Release|Any CPU.Build.0 = Release|Any CPU
	EndGlobalSection
	GlobalSection(SolutionProperties) = preSolution
		HideSolutionNode = FALSE
	EndGlobalSection
	GlobalSection(ExtensibilityGlobals) = postSolution
		SolutionGuid = {8A5EFB78-E084-4BA6-96AA-3C724DB56124}
	EndGlobalSection
EndGlobal
