
Microsoft Visual Studio Solution File, Format Version 12.00
# Visual Studio Version 16
VisualStudioVersion = 16.0.30320.27
MinimumVisualStudioVersion = 10.0.40219.1
Project("{FAE04EC0-301F-11D3-BF4B-00C04F79EFBC}") = "Network", "Network\Network.csproj", "{84BB6276-4557-4688-AE40-090A7C8FA70C}"
EndProject
Global
	GlobalSection(SolutionConfigurationPlatforms) = preSolution
		Debug|Any CPU = Debug|Any CPU
		Release|Any CPU = Release|Any CPU
	EndGlobalSection
	GlobalSection(ProjectConfigurationPlatforms) = postSolution
		{84BB6276-4557-4688-AE40-090A7C8FA70C}.Debug|Any CPU.ActiveCfg = Debug|Any CPU
		{84BB6276-4557-4688-AE40-090A7C8FA70C}.Debug|Any CPU.Build.0 = Debug|Any CPU
		{84BB6276-4557-4688-AE40-090A7C8FA70C}.Release|Any CPU.ActiveCfg = Release|Any CPU
		{84BB6276-4557-4688-AE40-090A7C8FA70C}.Release|Any CPU.Build.0 = Release|Any CPU
	EndGlobalSection
	GlobalSection(SolutionProperties) = preSolution
		HideSolutionNode = FALSE
	EndGlobalSection
	GlobalSection(ExtensibilityGlobals) = postSolution
		SolutionGuid = {61461DC2-8028-4801-B5D1-9E473E5916D6}
	EndGlobalSection
EndGlobal
